
Microsoft Visual Studio Solution File, Format Version 12.00
# Visual Studio 15
VisualStudioVersion = 15.0.28307.852
MinimumVisualStudioVersion = 10.0.40219.1
Project("{FAE04EC0-301F-11D3-BF4B-00C04F79EFBC}") = "StockData", "StockData\StockData.csproj", "{FEAA2E66-273D-449F-A40A-695CD144F47E}"
EndProject
Global
	GlobalSection(SolutionConfigurationPlatforms) = preSolution
		Debug|Any CPU = Debug|Any CPU
		Release|Any CPU = Release|Any CPU
	EndGlobalSection
	GlobalSection(ProjectConfigurationPlatforms) = postSolution
		{FEAA2E66-273D-449F-A40A-695CD144F47E}.Debug|Any CPU.ActiveCfg = Debug|Any CPU
		{FEAA2E66-273D-449F-A40A-695CD144F47E}.Debug|Any CPU.Build.0 = Debug|Any CPU
		{FEAA2E66-273D-449F-A40A-695CD144F47E}.Release|Any CPU.ActiveCfg = Release|Any CPU
		{FEAA2E66-273D-449F-A40A-695CD144F47E}.Release|Any CPU.Build.0 = Release|Any CPU
	EndGlobalSection
	GlobalSection(SolutionProperties) = preSolution
		HideSolutionNode = FALSE
	EndGlobalSection
	GlobalSection(ExtensibilityGlobals) = postSolution
		SolutionGuid = {FCAD4A3C-D376-499C-AD55-7E9E57E20A43}
	EndGlobalSection
EndGlobal
